
Microsoft Visual Studio Solution File, Format Version 12.00
# Visual Studio Version 16
VisualStudioVersion = 16.0.30128.74
MinimumVisualStudioVersion = 10.0.40219.1
Project("{FAE04EC0-301F-11D3-BF4B-00C04F79EFBC}") = "OopConsoleUI", "OOPDemo\OopConsoleUI.csproj", "{975A1D96-DC5C-4F49-A147-EF16CA3750A0}"
EndProject
Project("{9A19103F-16F7-4668-BE54-9A1E7A4F7556}") = "OOPDemoLibrary", "OOPDemoLibrary\OOPDemoLibrary.csproj", "{C3F3D1AC-5674-47CC-8ACD-BBAAF8F2093D}"
EndProject
Global
	GlobalSection(SolutionConfigurationPlatforms) = preSolution
		Debug|Any CPU = Debug|Any CPU
		Release|Any CPU = Release|Any CPU
	EndGlobalSection
	GlobalSection(ProjectConfigurationPlatforms) = postSolution
		{975A1D96-DC5C-4F49-A147-EF16CA3750A0}.Debug|Any CPU.ActiveCfg = Debug|Any CPU
		{975A1D96-DC5C-4F49-A147-EF16CA3750A0}.Debug|Any CPU.Build.0 = Debug|Any CPU
		{975A1D96-DC5C-4F49-A147-EF16CA3750A0}.Release|Any CPU.ActiveCfg = Release|Any CPU
		{975A1D96-DC5C-4F49-A147-EF16CA3750A0}.Release|Any CPU.Build.0 = Release|Any CPU
		{C3F3D1AC-5674-47CC-8ACD-BBAAF8F2093D}.Debug|Any CPU.ActiveCfg = Debug|Any CPU
		{C3F3D1AC-5674-47CC-8ACD-BBAAF8F2093D}.Debug|Any CPU.Build.0 = Debug|Any CPU
		{C3F3D1AC-5674-47CC-8ACD-BBAAF8F2093D}.Release|Any CPU.ActiveCfg = Release|Any CPU
		{C3F3D1AC-5674-47CC-8ACD-BBAAF8F2093D}.Release|Any CPU.Build.0 = Release|Any CPU
	EndGlobalSection
	GlobalSection(SolutionProperties) = preSolution
		HideSolutionNode = FALSE
	EndGlobalSection
	GlobalSection(ExtensibilityGlobals) = postSolution
		SolutionGuid = {0523DA1F-DCE6-40E6-831A-4314B12DA49D}
	EndGlobalSection
EndGlobal
